// !$*UTF8*$!
{
	archiveVersion = 1;
	classes = {
	};
	objectVersion = 46;
	objects = {

/* Begin PBXBuildFile section */
		134034FC1D2D618100DE0EE4 /* main.m in Sources */ = {isa = PBXBuildFile; fileRef = 134034FB1D2D618100DE0EE4 /* main.m */; };
		134034FF1D2D618100DE0EE4 /* AppDelegate.m in Sources */ = {isa = PBXBuildFile; fileRef = 134034FE1D2D618100DE0EE4 /* AppDelegate.m */; };
		134035021D2D618100DE0EE4 /* MainViewController.m in Sources */ = {isa = PBXBuildFile; fileRef = 134035011D2D618100DE0EE4 /* MainViewController.m */; };
		134035071D2D618100DE0EE4 /* Assets.xcassets in Resources */ = {isa = PBXBuildFile; fileRef = 134035061D2D618100DE0EE4 /* Assets.xcassets */; };
		1340350A1D2D618100DE0EE4 /* LaunchScreen.storyboard in Resources */ = {isa = PBXBuildFile; fileRef = 134035081D2D618100DE0EE4 /* LaunchScreen.storyboard */; };
		134035151D2D618200DE0EE4 /* Audio_RecordingTests.m in Sources */ = {isa = PBXBuildFile; fileRef = 134035141D2D618200DE0EE4 /* Audio_RecordingTests.m */; };
		134035201D2D618200DE0EE4 /* Audio_RecordingUITests.m in Sources */ = {isa = PBXBuildFile; fileRef = 1340351F1D2D618200DE0EE4 /* Audio_RecordingUITests.m */; };
		1340352F1D2D941800DE0EE4 /* Recording.m in Sources */ = {isa = PBXBuildFile; fileRef = 1340352E1D2D941800DE0EE4 /* Recording.m */; };
		13D980F81D303BA600D18E1F /* TableViewController123.m in Sources */ = {isa = PBXBuildFile; fileRef = 13D980F71D303BA600D18E1F /* TableViewController123.m */; };
		13E2A9571D3433AA009CB812 /* Main.storyboard in Resources */ = {isa = PBXBuildFile; fileRef = 13E2A9551D3433AA009CB812 /* Main.storyboard */; };
/* End PBXBuildFile section */

/* Begin PBXContainerItemProxy section */
		134035111D2D618200DE0EE4 /* PBXContainerItemProxy */ = {
			isa = PBXContainerItemProxy;
			containerPortal = 134034EF1D2D618100DE0EE4 /* Project object */;
			proxyType = 1;
			remoteGlobalIDString = 134034F61D2D618100DE0EE4;
			remoteInfo = "Audio Recording";
		};
		1340351C1D2D618200DE0EE4 /* PBXContainerItemProxy */ = {
			isa = PBXContainerItemProxy;
			containerPortal = 134034EF1D2D618100DE0EE4 /* Project object */;
			proxyType = 1;
			remoteGlobalIDString = 134034F61D2D618100DE0EE4;
			remoteInfo = "Audio Recording";
		};
/* End PBXContainerItemProxy section */

/* Begin PBXFileReference section */
		134034F71D2D618100DE0EE4 /* Audio Recording.app */ = {isa = PBXFileReference; explicitFileType = wrapper.application; includeInIndex = 0; path = "Audio Recording.app"; sourceTree = BUILT_PRODUCTS_DIR; };
		134034FB1D2D618100DE0EE4 /* main.m */ = {isa = PBXFileReference; lastKnownFileType = sourcecode.c.objc; path = main.m; sourceTree = "<group>"; };
		134034FD1D2D618100DE0EE4 /* AppDelegate.h */ = {isa = PBXFileReference; lastKnownFileType = sourcecode.c.h; path = AppDelegate.h; sourceTree = "<group>"; };
		134034FE1D2D618100DE0EE4 /* AppDelegate.m */ = {isa = PBXFileReference; lastKnownFileType = sourcecode.c.objc; path = AppDelegate.m; sourceTree = "<group>"; };
		134035001D2D618100DE0EE4 /* MainViewController.h */ = {isa = PBXFileReference; lastKnownFileType = sourcecode.c.h; path = MainViewController.h; sourceTree = "<group>"; };
		134035011D2D618100DE0EE4 /* MainViewController.m */ = {isa = PBXFileReference; lastKnownFileType = sourcecode.c.objc; path = MainViewController.m; sourceTree = "<group>"; };
		134035061D2D618100DE0EE4 /* Assets.xcassets */ = {isa = PBXFileReference; lastKnownFileType = folder.assetcatalog; path = Assets.xcassets; sourceTree = "<group>"; };
		134035091D2D618100DE0EE4 /* Base */ = {isa = PBXFileReference; lastKnownFileType = file.storyboard; name = Base; path = Base.lproj/LaunchScreen.storyboard; sourceTree = "<group>"; };
		1340350B1D2D618100DE0EE4 /* Info.plist */ = {isa = PBXFileReference; lastKnownFileType = text.plist.xml; path = Info.plist; sourceTree = "<group>"; };
		134035101D2D618200DE0EE4 /* Audio RecordingTests.xctest */ = {isa = PBXFileReference; explicitFileType = wrapper.cfbundle; includeInIndex = 0; path = "Audio RecordingTests.xctest"; sourceTree = BUILT_PRODUCTS_DIR; };
		134035141D2D618200DE0EE4 /* Audio_RecordingTests.m */ = {isa = PBXFileReference; lastKnownFileType = sourcecode.c.objc; path = Audio_RecordingTests.m; sourceTree = "<group>"; };
		134035161D2D618200DE0EE4 /* Info.plist */ = {isa = PBXFileReference; lastKnownFileType = text.plist.xml; path = Info.plist; sourceTree = "<group>"; };
		1340351B1D2D618200DE0EE4 /* Audio RecordingUITests.xctest */ = {isa = PBXFileReference; explicitFileType = wrapper.cfbundle; includeInIndex = 0; path = "Audio RecordingUITests.xctest"; sourceTree = BUILT_PRODUCTS_DIR; };
		1340351F1D2D618200DE0EE4 /* Audio_RecordingUITests.m */ = {isa = PBXFileReference; lastKnownFileType = sourcecode.c.objc; path = Audio_RecordingUITests.m; sourceTree = "<group>"; };
		134035211D2D618200DE0EE4 /* Info.plist */ = {isa = PBXFileReference; lastKnownFileType = text.plist.xml; path = Info.plist; sourceTree = "<group>"; };
		1340352D1D2D941800DE0EE4 /* Recording.h */ = {isa = PBXFileReference; fileEncoding = 4; lastKnownFileType = sourcecode.c.h; path = Recording.h; sourceTree = "<group>"; };
		1340352E1D2D941800DE0EE4 /* Recording.m */ = {isa = PBXFileReference; fileEncoding = 4; lastKnownFileType = sourcecode.c.objc; path = Recording.m; sourceTree = "<group>"; };
		13D980F61D303BA600D18E1F /* TableViewController123.h */ = {isa = PBXFileReference; fileEncoding = 4; lastKnownFileType = sourcecode.c.h; path = TableViewController123.h; sourceTree = "<group>"; };
		13D980F71D303BA600D18E1F /* TableViewController123.m */ = {isa = PBXFileReference; fileEncoding = 4; lastKnownFileType = sourcecode.c.objc; path = TableViewController123.m; sourceTree = "<group>"; };
		13E2A9561D3433AA009CB812 /* Base */ = {isa = PBXFileReference; lastKnownFileType = file.storyboard; name = Base; path = Base.lproj/Main.storyboard; sourceTree = "<group>"; };
/* End PBXFileReference section */

/* Begin PBXFrameworksBuildPhase section */
		134034F41D2D618100DE0EE4 /* Frameworks */ = {
			isa = PBXFrameworksBuildPhase;
			buildActionMask = 2147483647;
			files = (
			);
			runOnlyForDeploymentPostprocessing = 0;
		};
		1340350D1D2D618200DE0EE4 /* Frameworks */ = {
			isa = PBXFrameworksBuildPhase;
			buildActionMask = 2147483647;
			files = (
			);
			runOnlyForDeploymentPostprocessing = 0;
		};
		134035181D2D618200DE0EE4 /* Frameworks */ = {
			isa = PBXFrameworksBuildPhase;
			buildActionMask = 2147483647;
			files = (
			);
			runOnlyForDeploymentPostprocessing = 0;
		};
/* End PBXFrameworksBuildPhase section */

/* Begin PBXGroup section */
		134034EE1D2D618100DE0EE4 = {
			isa = PBXGroup;
			children = (
				134034F91D2D618100DE0EE4 /* Audio Recording */,
				134035131D2D618200DE0EE4 /* Audio RecordingTests */,
				1340351E1D2D618200DE0EE4 /* Audio RecordingUITests */,
				134034F81D2D618100DE0EE4 /* Products */,
			);
			sourceTree = "<group>";
		};
		134034F81D2D618100DE0EE4 /* Products */ = {
			isa = PBXGroup;
			children = (
				134034F71D2D618100DE0EE4 /* Audio Recording.app */,
				134035101D2D618200DE0EE4 /* Audio RecordingTests.xctest */,
				1340351B1D2D618200DE0EE4 /* Audio RecordingUITests.xctest */,
			);
			name = Products;
			sourceTree = "<group>";
		};
		134034F91D2D618100DE0EE4 /* Audio Recording */ = {
			isa = PBXGroup;
			children = (
				134034FD1D2D618100DE0EE4 /* AppDelegate.h */,
				134034FE1D2D618100DE0EE4 /* AppDelegate.m */,
				134035001D2D618100DE0EE4 /* MainViewController.h */,
				134035011D2D618100DE0EE4 /* MainViewController.m */,
				13D980F61D303BA600D18E1F /* TableViewController123.h */,
				13D980F71D303BA600D18E1F /* TableViewController123.m */,
				1340352D1D2D941800DE0EE4 /* Recording.h */,
				13E2A9551D3433AA009CB812 /* Main.storyboard */,
				1340352E1D2D941800DE0EE4 /* Recording.m */,
				134035081D2D618100DE0EE4 /* LaunchScreen.storyboard */,
				134035061D2D618100DE0EE4 /* Assets.xcassets */,
				1340350B1D2D618100DE0EE4 /* Info.plist */,
				134034FA1D2D618100DE0EE4 /* Supporting Files */,
			);
			path = "Audio Recording";
			sourceTree = "<group>";
		};
		134034FA1D2D618100DE0EE4 /* Supporting Files */ = {
			isa = PBXGroup;
			children = (
				134034FB1D2D618100DE0EE4 /* main.m */,
			);
			name = "Supporting Files";
			sourceTree = "<group>";
		};
		134035131D2D618200DE0EE4 /* Audio RecordingTests */ = {
			isa = PBXGroup;
			children = (
				134035141D2D618200DE0EE4 /* Audio_RecordingTests.m */,
				134035161D2D618200DE0EE4 /* Info.plist */,
			);
			path = "Audio RecordingTests";
			sourceTree = "<group>";
		};
		1340351E1D2D618200DE0EE4 /* Audio RecordingUITests */ = {
			isa = PBXGroup;
			children = (
				1340351F1D2D618200DE0EE4 /* Audio_RecordingUITests.m */,
				134035211D2D618200DE0EE4 /* Info.plist */,
			);
			path = "Audio RecordingUITests";
			sourceTree = "<group>";
		};
/* End PBXGroup section */

/* Begin PBXNativeTarget section */
		134034F61D2D618100DE0EE4 /* Audio Recording */ = {
			isa = PBXNativeTarget;
			buildConfigurationList = 134035241D2D618200DE0EE4 /* Build configuration list for PBXNativeTarget "Audio Recording" */;
			buildPhases = (
				134034F31D2D618100DE0EE4 /* Sources */,
				134034F41D2D618100DE0EE4 /* Frameworks */,
				134034F51D2D618100DE0EE4 /* Resources */,
			);
			buildRules = (
			);
			dependencies = (
			);
			name = "Audio Recording";
			productName = "Audio Recording";
			productReference = 134034F71D2D618100DE0EE4 /* Audio Recording.app */;
			productType = "com.apple.product-type.application";
		};
		1340350F1D2D618200DE0EE4 /* Audio RecordingTests */ = {
			isa = PBXNativeTarget;
			buildConfigurationList = 134035271D2D618200DE0EE4 /* Build configuration list for PBXNativeTarget "Audio RecordingTests" */;
			buildPhases = (
				1340350C1D2D618200DE0EE4 /* Sources */,
				1340350D1D2D618200DE0EE4 /* Frameworks */,
				1340350E1D2D618200DE0EE4 /* Resources */,
			);
			buildRules = (
			);
			dependencies = (
				134035121D2D618200DE0EE4 /* PBXTargetDependency */,
			);
			name = "Audio RecordingTests";
			productName = "Audio RecordingTests";
			productReference = 134035101D2D618200DE0EE4 /* Audio RecordingTests.xctest */;
			productType = "com.apple.product-type.bundle.unit-test";
		};
		1340351A1D2D618200DE0EE4 /* Audio RecordingUITests */ = {
			isa = PBXNativeTarget;
			buildConfigurationList = 1340352A1D2D618200DE0EE4 /* Build configuration list for PBXNativeTarget "Audio RecordingUITests" */;
			buildPhases = (
				134035171D2D618200DE0EE4 /* Sources */,
				134035181D2D618200DE0EE4 /* Frameworks */,
				134035191D2D618200DE0EE4 /* Resources */,
			);
			buildRules = (
			);
			dependencies = (
				1340351D1D2D618200DE0EE4 /* PBXTargetDependency */,
			);
			name = "Audio RecordingUITests";
			productName = "Audio RecordingUITests";
			productReference = 1340351B1D2D618200DE0EE4 /* Audio RecordingUITests.xctest */;
			productType = "com.apple.product-type.bundle.ui-testing";
		};
/* End PBXNativeTarget section */

/* Begin PBXProject section */
		134034EF1D2D618100DE0EE4 /* Project object */ = {
			isa = PBXProject;
			attributes = {
				LastUpgradeCheck = 0730;
				ORGANIZATIONNAME = "Annabelle Tang";
				TargetAttributes = {
					134034F61D2D618100DE0EE4 = {
						CreatedOnToolsVersion = 7.3.1;
						DevelopmentTeam = B4AKR8WPZG;
					};
					1340350F1D2D618200DE0EE4 = {
						CreatedOnToolsVersion = 7.3.1;
						TestTargetID = 134034F61D2D618100DE0EE4;
					};
					1340351A1D2D618200DE0EE4 = {
						CreatedOnToolsVersion = 7.3.1;
						TestTargetID = 134034F61D2D618100DE0EE4;
					};
				};
			};
			buildConfigurationList = 134034F21D2D618100DE0EE4 /* Build configuration list for PBXProject "Audio Recording" */;
			compatibilityVersion = "Xcode 3.2";
			developmentRegion = English;
			hasScannedForEncodings = 0;
			knownRegions = (
				en,
				Base,
			);
			mainGroup = 134034EE1D2D618100DE0EE4;
			productRefGroup = 134034F81D2D618100DE0EE4 /* Products */;
			projectDirPath = "";
			projectRoot = "";
			targets = (
				134034F61D2D618100DE0EE4 /* Audio Recording */,
				1340350F1D2D618200DE0EE4 /* Audio RecordingTests */,
				1340351A1D2D618200DE0EE4 /* Audio RecordingUITests */,
			);
		};
/* End PBXProject section */

/* Begin PBXResourcesBuildPhase section */
		134034F51D2D618100DE0EE4 /* Resources */ = {
			isa = PBXResourcesBuildPhase;
			buildActionMask = 2147483647;
			files = (
				13E2A9571D3433AA009CB812 /* Main.storyboard in Resources */,
				1340350A1D2D618100DE0EE4 /* LaunchScreen.storyboard in Resources */,
				134035071D2D618100DE0EE4 /* Assets.xcassets in Resources */,
			);
			runOnlyForDeploymentPostprocessing = 0;
		};
		1340350E1D2D618200DE0EE4 /* Resources */ = {
			isa = PBXResourcesBuildPhase;
			buildActionMask = 2147483647;
			files = (
			);
			runOnlyForDeploymentPostprocessing = 0;
		};
		134035191D2D618200DE0EE4 /* Resources */ = {
			isa = PBXResourcesBuildPhase;
			buildActionMask = 2147483647;
			files = (
			);
			runOnlyForDeploymentPostprocessing = 0;
		};
/* End PBXResourcesBuildPhase section */

/* Begin PBXSourcesBuildPhase section */
		134034F31D2D618100DE0EE4 /* Sources */ = {
			isa = PBXSourcesBuildPhase;
			buildActionMask = 2147483647;
			files = (
				13D980F81D303BA600D18E1F /* TableViewController123.m in Sources */,
				134035021D2D618100DE0EE4 /* MainViewController.m in Sources */,
				134034FF1D2D618100DE0EE4 /* AppDelegate.m in Sources */,
				134034FC1D2D618100DE0EE4 /* main.m in Sources */,
				1340352F1D2D941800DE0EE4 /* Recording.m in Sources */,
			);
			runOnlyForDeploymentPostprocessing = 0;
		};
		1340350C1D2D618200DE0EE4 /* Sources */ = {
			isa = PBXSourcesBuildPhase;
			buildActionMask = 2147483647;
			files = (
				134035151D2D618200DE0EE4 /* Audio_RecordingTests.m in Sources */,
			);
			runOnlyForDeploymentPostprocessing = 0;
		};
		134035171D2D618200DE0EE4 /* Sources */ = {
			isa = PBXSourcesBuildPhase;
			buildActionMask = 2147483647;
			files = (
				134035201D2D618200DE0EE4 /* Audio_RecordingUITests.m in Sources */,
			);
			runOnlyForDeploymentPostprocessing = 0;
		};
/* End PBXSourcesBuildPhase section */

/* Begin PBXTargetDependency section */
		134035121D2D618200DE0EE4 /* PBXTargetDependency */ = {
			isa = PBXTargetDependency;
			target = 134034F61D2D618100DE0EE4 /* Audio Recording */;
			targetProxy = 134035111D2D618200DE0EE4 /* PBXContainerItemProxy */;
		};
		1340351D1D2D618200DE0EE4 /* PBXTargetDependency */ = {
			isa = PBXTargetDependency;
			target = 134034F61D2D618100DE0EE4 /* Audio Recording */;
			targetProxy = 1340351C1D2D618200DE0EE4 /* PBXContainerItemProxy */;
		};
/* End PBXTargetDependency section */

/* Begin PBXVariantGroup section */
		134035081D2D618100DE0EE4 /* LaunchScreen.storyboard */ = {
			isa = PBXVariantGroup;
			children = (
				134035091D2D618100DE0EE4 /* Base */,
			);
			name = LaunchScreen.storyboard;
			sourceTree = "<group>";
		};
		13E2A9551D3433AA009CB812 /* Main.storyboard */ = {
			isa = PBXVariantGroup;
			children = (
				13E2A9561D3433AA009CB812 /* Base */,
			);
			name = Main.storyboard;
			sourceTree = "<group>";
		};
/* End PBXVariantGroup section */

/* Begin XCBuildConfiguration section */
		134035221D2D618200DE0EE4 /* Debug */ = {
			isa = XCBuildConfiguration;
			buildSettings = {
				ALWAYS_SEARCH_USER_PATHS = NO;
				CLANG_ANALYZER_NONNULL = YES;
				CLANG_CXX_LANGUAGE_STANDARD = "gnu++0x";
				CLANG_CXX_LIBRARY = "libc++";
				CLANG_ENABLE_MODULES = YES;
				CLANG_ENABLE_OBJC_ARC = YES;
				CLANG_WARN_BOOL_CONVERSION = YES;
				CLANG_WARN_CONSTANT_CONVERSION = YES;
				CLANG_WARN_DIRECT_OBJC_ISA_USAGE = YES_ERROR;
				CLANG_WARN_EMPTY_BODY = YES;
				CLANG_WARN_ENUM_CONVERSION = YES;
				CLANG_WARN_INT_CONVERSION = YES;
				CLANG_WARN_OBJC_ROOT_CLASS = YES_ERROR;
				CLANG_WARN_UNREACHABLE_CODE = YES;
				CLANG_WARN__DUPLICATE_METHOD_MATCH = YES;
				"CODE_SIGN_IDENTITY[sdk=iphoneos*]" = "iPhone Developer";
				COPY_PHASE_STRIP = NO;
				DEBUG_INFORMATION_FORMAT = dwarf;
				ENABLE_STRICT_OBJC_MSGSEND = YES;
				ENABLE_TESTABILITY = YES;
				GCC_C_LANGUAGE_STANDARD = gnu99;
				GCC_DYNAMIC_NO_PIC = NO;
				GCC_NO_COMMON_BLOCKS = YES;
				GCC_OPTIMIZATION_LEVEL = 0;
				GCC_PREPROCESSOR_DEFINITIONS = (
					"DEBUG=1",
					"$(inherited)",
				);
				GCC_WARN_64_TO_32_BIT_CONVERSION = YES;
				GCC_WARN_ABOUT_RETURN_TYPE = YES_ERROR;
				GCC_WARN_UNDECLARED_SELECTOR = YES;
				GCC_WARN_UNINITIALIZED_AUTOS = YES_AGGRESSIVE;
				GCC_WARN_UNUSED_FUNCTION = YES;
				GCC_WARN_UNUSED_VARIABLE = YES;
				IPHONEOS_DEPLOYMENT_TARGET = 9.3;
				MTL_ENABLE_DEBUG_INFO = YES;
				ONLY_ACTIVE_ARCH = YES;
				SDKROOT = iphoneos;
				TARGETED_DEVICE_FAMILY = "1,2";
			};
			name = Debug;
		};
		134035231D2D618200DE0EE4 /* Release */ = {
			isa = XCBuildConfiguration;
			buildSettings = {
				ALWAYS_SEARCH_USER_PATHS = NO;
				CLANG_ANALYZER_NONNULL = YES;
				CLANG_CXX_LANGUAGE_STANDARD = "gnu++0x";
				CLANG_CXX_LIBRARY = "libc++";
				CLANG_ENABLE_MODULES = YES;
				CLANG_ENABLE_OBJC_ARC = YES;
				CLANG_WARN_BOOL_CONVERSION = YES;
				CLANG_WARN_CONSTANT_CONVERSION = YES;
				CLANG_WARN_DIRECT_OBJC_ISA_USAGE = YES_ERROR;
				CLANG_WARN_EMPTY_BODY = YES;
				CLANG_WARN_ENUM_CONVERSION = YES;
				CLANG_WARN_INT_CONVERSION = YES;
				CLANG_WARN_OBJC_ROOT_CLASS = YES_ERROR;
				CLANG_WARN_UNREACHABLE_CODE = YES;
				CLANG_WARN__DUPLICATE_METHOD_MATCH = YES;
				"CODE_SIGN_IDENTITY[sdk=iphoneos*]" = "iPhone Developer";
				COPY_PHASE_STRIP = NO;
				DEBUG_INFORMATION_FORMAT = "dwarf-with-dsym";
				ENABLE_NS_ASSERTIONS = NO;
				ENABLE_STRICT_OBJC_MSGSEND = YES;
				GCC_C_LANGUAGE_STANDARD = gnu99;
				GCC_NO_COMMON_BLOCKS = YES;
				GCC_WARN_64_TO_32_BIT_CONVERSION = YES;
				GCC_WARN_ABOUT_RETURN_TYPE = YES_ERROR;
				GCC_WARN_UNDECLARED_SELECTOR = YES;
				GCC_WARN_UNINITIALIZED_AUTOS = YES_AGGRESSIVE;
				GCC_WARN_UNUSED_FUNCTION = YES;
				GCC_WARN_UNUSED_VARIABLE = YES;
				IPHONEOS_DEPLOYMENT_TARGET = 9.3;
				MTL_ENABLE_DEBUG_INFO = NO;
				SDKROOT = iphoneos;
				TARGETED_DEVICE_FAMILY = "1,2";
				VALIDATE_PRODUCT = YES;
			};
			name = Release;
		};
		134035251D2D618200DE0EE4 /* Debug */ = {
			isa = XCBuildConfiguration;
			buildSettings = {
				ASSETCATALOG_COMPILER_APPICON_NAME = AppIcon;
				CODE_SIGN_IDENTITY = "iPhone Developer";
				"CODE_SIGN_IDENTITY[sdk=iphoneos*]" = "iPhone Developer";
				INFOPLIST_FILE = "Audio Recording/Info.plist";
				LD_RUNPATH_SEARCH_PATHS = "$(inherited) @executable_path/Frameworks";
				PRODUCT_BUNDLE_IDENTIFIER = "com.EmmaWillard.Audio-Recording";
				PRODUCT_NAME = "$(TARGET_NAME)";
				PROVISIONING_PROFILE = "";
			};
			name = Debug;
		};
		134035261D2D618200DE0EE4 /* Release */ = {
			isa = XCBuildConfiguration;
			buildSettings = {
				ASSETCATALOG_COMPILER_APPICON_NAME = AppIcon;
				CODE_SIGN_IDENTITY = "iPhone Developer";
				"CODE_SIGN_IDENTITY[sdk=iphoneos*]" = "iPhone Developer";
				INFOPLIST_FILE = "Audio Recording/Info.plist";
				LD_RUNPATH_SEARCH_PATHS = "$(inherited) @executable_path/Frameworks";
				PRODUCT_BUNDLE_IDENTIFIER = "com.EmmaWillard.Audio-Recording";
				PRODUCT_NAME = "$(TARGET_NAME)";
				PROVISIONING_PROFILE = "";
			};
			name = Release;
		};
		134035281D2D618200DE0EE4 /* Debug */ = {
			isa = XCBuildConfiguration;
			buildSettings = {
				BUNDLE_LOADER = "$(TEST_HOST)";
				INFOPLIST_FILE = "Audio RecordingTests/Info.plist";
				LD_RUNPATH_SEARCH_PATHS = "$(inherited) @executable_path/Frameworks @loader_path/Frameworks";
				PRODUCT_BUNDLE_IDENTIFIER = "com.EmmaWillard.Audio-RecordingTests";
				PRODUCT_NAME = "$(TARGET_NAME)";
				TEST_HOST = "$(BUILT_PRODUCTS_DIR)/Audio Recording.app/Audio Recording";
			};
			name = Debug;
		};
		134035291D2D618200DE0EE4 /* Release */ = {
			isa = XCBuildConfiguration;
			buildSettings = {
				BUNDLE_LOADER = "$(TEST_HOST)";
				INFOPLIST_FILE = "Audio RecordingTests/Info.plist";
				LD_RUNPATH_SEARCH_PATHS = "$(inherited) @executable_path/Frameworks @loader_path/Frameworks";
				PRODUCT_BUNDLE_IDENTIFIER = "com.EmmaWillard.Audio-RecordingTests";
				PRODUCT_NAME = "$(TARGET_NAME)";
				TEST_HOST = "$(BUILT_PRODUCTS_DIR)/Audio Recording.app/Audio Recording";
			};
			name = Release;
		};
		1340352B1D2D618200DE0EE4 /* Debug */ = {
			isa = XCBuildConfiguration;
			buildSettings = {
				INFOPLIST_FILE = "Audio RecordingUITests/Info.plist";
				LD_RUNPATH_SEARCH_PATHS = "$(inherited) @executable_path/Frameworks @loader_path/Frameworks";
				PRODUCT_BUNDLE_IDENTIFIER = "com.EmmaWillard.Audio-RecordingUITests";
				PRODUCT_NAME = "$(TARGET_NAME)";
				TEST_TARGET_NAME = "Audio Recording";
			};
			name = Debug;
		};
		1340352C1D2D618200DE0EE4 /* Release */ = {
			isa = XCBuildConfiguration;
			buildSettings = {
				INFOPLIST_FILE = "Audio RecordingUITests/Info.plist";
				LD_RUNPATH_SEARCH_PATHS = "$(inherited) @executable_path/Frameworks @loader_path/Frameworks";
				PRODUCT_BUNDLE_IDENTIFIER = "com.EmmaWillard.Audio-RecordingUITests";
				PRODUCT_NAME = "$(TARGET_NAME)";
				TEST_TARGET_NAME = "Audio Recording";
			};
			name = Release;
		};
/* End XCBuildConfiguration section */

/* Begin XCConfigurationList section */
		134034F21D2D618100DE0EE4 /* Build configuration list for PBXProject "Audio Recording" */ = {
			isa = XCConfigurationList;
			buildConfigurations = (
				134035221D2D618200DE0EE4 /* Debug */,
				134035231D2D618200DE0EE4 /* Release */,
			);
			defaultConfigurationIsVisible = 0;
			defaultConfigurationName = Release;
		};
		134035241D2D618200DE0EE4 /* Build configuration list for PBXNativeTarget "Audio Recording" */ = {
			isa = XCConfigurationList;
			buildConfigurations = (
				134035251D2D618200DE0EE4 /* Debug */,
				134035261D2D618200DE0EE4 /* Release */,
			);
			defaultConfigurationIsVisible = 0;
			defaultConfigurationName = Release;
		};
		134035271D2D618200DE0EE4 /* Build configuration list for PBXNativeTarget "Audio RecordingTests" */ = {
			isa = XCConfigurationList;
			buildConfigurations = (
				134035281D2D618200DE0EE4 /* Debug */,
				134035291D2D618200DE0EE4 /* Release */,
			);
			defaultConfigurationIsVisible = 0;
			defaultConfigurationName = Release;
		};
		1340352A1D2D618200DE0EE4 /* Build configuration list for PBXNativeTarget "Audio RecordingUITests" */ = {
			isa = XCConfigurationList;
			buildConfigurations = (
				1340352B1D2D618200DE0EE4 /* Debug */,
				1340352C1D2D618200DE0EE4 /* Release */,
			);
			defaultConfigurationIsVisible = 0;
			defaultConfigurationName = Release;
		};
/* End XCConfigurationList section */
	};
	rootObject = 134034EF1D2D618100DE0EE4 /* Project object */;
}
